{
  "name": "personal-site",
  "lockfileVersion": 3,
  "requires": true,
  "packages": {
    "": {
      "dependencies": {
        "esy": "^0.7.2"
      }
    },
    "node_modules/esy": {
      "version": "0.7.2",
      "hasInstallScript": true,
      "license": "BSD-2-Clause",
      "bin": {
        "esy": "bin/esy"
      }
    }
  }
}
